
Microsoft Visual Studio Solution File, Format Version 12.00
# Visual Studio Version 17
VisualStudioVersion = 17.14.36518.9 d17.14
MinimumVisualStudioVersion = 10.0.40219.1
Project("{FAE04EC0-301F-11D3-BF4B-00C04F79EFBC}") = "MiniMessenger", "MiniMessenger.csproj", "{DE2FBC6D-CEDC-4E9B-AC74-AD859B15258E}"
EndProject
Global
	GlobalSection(SolutionConfigurationPlatforms) = preSolution
		Debug|Any CPU = Debug|Any CPU
		Release|Any CPU = Release|Any CPU
	EndGlobalSection
	GlobalSection(ProjectConfigurationPlatforms) = postSolution
		{DE2FBC6D-CEDC-4E9B-AC74-AD859B15258E}.Debug|Any CPU.ActiveCfg = Debug|Any CPU
		{DE2FBC6D-CEDC-4E9B-AC74-AD859B15258E}.Debug|Any CPU.Build.0 = Debug|Any CPU
		{DE2FBC6D-CEDC-4E9B-AC74-AD859B15258E}.Release|Any CPU.ActiveCfg = Release|Any CPU
		{DE2FBC6D-CEDC-4E9B-AC74-AD859B15258E}.Release|Any CPU.Build.0 = Release|Any CPU
	EndGlobalSection
	GlobalSection(SolutionProperties) = preSolution
		HideSolutionNode = FALSE
	EndGlobalSection
	GlobalSection(ExtensibilityGlobals) = postSolution
		SolutionGuid = {C9595E7F-2FD7-45B7-BC1F-6D9E8A4B52E6}
	EndGlobalSection
EndGlobal
